// !$*UTF8*$!
{
	archiveVersion = 1;
	classes = {
	};
	objectVersion = 50;
	objects = {

/* Begin PBXBuildFile section */
		174A571D263BD32500613C2A /* AppDelegate.swift in Sources */ = {isa = PBXBuildFile; fileRef = 174A571C263BD32500613C2A /* AppDelegate.swift */; };
		174A571F263BD32500613C2A /* SceneDelegate.swift in Sources */ = {isa = PBXBuildFile; fileRef = 174A571E263BD32500613C2A /* SceneDelegate.swift */; };
		174A5721263BD32500613C2A /* ViewController.swift in Sources */ = {isa = PBXBuildFile; fileRef = 174A5720263BD32500613C2A /* ViewController.swift */; };
		174A5724263BD32500613C2A /* Main.storyboard in Resources */ = {isa = PBXBuildFile; fileRef = 174A5722263BD32500613C2A /* Main.storyboard */; };
		174A5726263BD32700613C2A /* Assets.xcassets in Resources */ = {isa = PBXBuildFile; fileRef = 174A5725263BD32700613C2A /* Assets.xcassets */; };
		174A5729263BD32700613C2A /* LaunchScreen.storyboard in Resources */ = {isa = PBXBuildFile; fileRef = 174A5727263BD32700613C2A /* LaunchScreen.storyboard */; };
		174A5734263BD32700613C2A /* lifecounter2Tests.swift in Sources */ = {isa = PBXBuildFile; fileRef = 174A5733263BD32700613C2A /* lifecounter2Tests.swift */; };
		174A573F263BD32700613C2A /* lifecounter2UITests.swift in Sources */ = {isa = PBXBuildFile; fileRef = 174A573E263BD32700613C2A /* lifecounter2UITests.swift */; };
		174A5750263BDA6E00613C2A /* userView.swift in Sources */ = {isa = PBXBuildFile; fileRef = 174A574F263BDA6E00613C2A /* userView.swift */; };
		174A575D263BE06B00613C2A /* user.xib in Resources */ = {isa = PBXBuildFile; fileRef = 174A575C263BE06B00613C2A /* user.xib */; };
		174A5762263C086800613C2A /* HistoryView.swift in Sources */ = {isa = PBXBuildFile; fileRef = 174A5761263C086800613C2A /* HistoryView.swift */; };
/* End PBXBuildFile section */

/* Begin PBXContainerItemProxy section */
		174A5730263BD32700613C2A /* PBXContainerItemProxy */ = {
			isa = PBXContainerItemProxy;
			containerPortal = 174A5711263BD32500613C2A /* Project object */;
			proxyType = 1;
			remoteGlobalIDString = 174A5718263BD32500613C2A;
			remoteInfo = lifecounter2;
		};
		174A573B263BD32700613C2A /* PBXContainerItemProxy */ = {
			isa = PBXContainerItemProxy;
			containerPortal = 174A5711263BD32500613C2A /* Project object */;
			proxyType = 1;
			remoteGlobalIDString = 174A5718263BD32500613C2A;
			remoteInfo = lifecounter2;
		};
/* End PBXContainerItemProxy section */

/* Begin PBXFileReference section */
		174A5719263BD32500613C2A /* lifecounter2.app */ = {isa = PBXFileReference; explicitFileType = wrapper.application; includeInIndex = 0; path = lifecounter2.app; sourceTree = BUILT_PRODUCTS_DIR; };
		174A571C263BD32500613C2A /* AppDelegate.swift */ = {isa = PBXFileReference; lastKnownFileType = sourcecode.swift; path = AppDelegate.swift; sourceTree = "<group>"; };
		174A571E263BD32500613C2A /* SceneDelegate.swift */ = {isa = PBXFileReference; lastKnownFileType = sourcecode.swift; path = SceneDelegate.swift; sourceTree = "<group>"; };
		174A5720263BD32500613C2A /* ViewController.swift */ = {isa = PBXFileReference; lastKnownFileType = sourcecode.swift; path = ViewController.swift; sourceTree = "<group>"; };
		174A5723263BD32500613C2A /* Base */ = {isa = PBXFileReference; lastKnownFileType = file.storyboard; name = Base; path = Base.lproj/Main.storyboard; sourceTree = "<group>"; };
		174A5725263BD32700613C2A /* Assets.xcassets */ = {isa = PBXFileReference; lastKnownFileType = folder.assetcatalog; path = Assets.xcassets; sourceTree = "<group>"; };
		174A5728263BD32700613C2A /* Base */ = {isa = PBXFileReference; lastKnownFileType = file.storyboard; name = Base; path = Base.lproj/LaunchScreen.storyboard; sourceTree = "<group>"; };
		174A572A263BD32700613C2A /* Info.plist */ = {isa = PBXFileReference; lastKnownFileType = text.plist.xml; path = Info.plist; sourceTree = "<group>"; };
		174A572F263BD32700613C2A /* lifecounter2Tests.xctest */ = {isa = PBXFileReference; explicitFileType = wrapper.cfbundle; includeInIndex = 0; path = lifecounter2Tests.xctest; sourceTree = BUILT_PRODUCTS_DIR; };
		174A5733263BD32700613C2A /* lifecounter2Tests.swift */ = {isa = PBXFileReference; lastKnownFileType = sourcecode.swift; path = lifecounter2Tests.swift; sourceTree = "<group>"; };
		174A5735263BD32700613C2A /* Info.plist */ = {isa = PBXFileReference; lastKnownFileType = text.plist.xml; path = Info.plist; sourceTree = "<group>"; };
		174A573A263BD32700613C2A /* lifecounter2UITests.xctest */ = {isa = PBXFileReference; explicitFileType = wrapper.cfbundle; includeInIndex = 0; path = lifecounter2UITests.xctest; sourceTree = BUILT_PRODUCTS_DIR; };
		174A573E263BD32700613C2A /* lifecounter2UITests.swift */ = {isa = PBXFileReference; lastKnownFileType = sourcecode.swift; path = lifecounter2UITests.swift; sourceTree = "<group>"; };
		174A5740263BD32700613C2A /* Info.plist */ = {isa = PBXFileReference; lastKnownFileType = text.plist.xml; path = Info.plist; sourceTree = "<group>"; };
		174A574F263BDA6E00613C2A /* userView.swift */ = {isa = PBXFileReference; lastKnownFileType = sourcecode.swift; path = userView.swift; sourceTree = "<group>"; };
		174A575C263BE06B00613C2A /* user.xib */ = {isa = PBXFileReference; fileEncoding = 4; lastKnownFileType = file.xib; name = user.xib; path = "/Users/danfengyang/Desktop/work/大四/SP21/INFO449 IOS Dev/lifecounter/lifecounter2/lifecounter2/user.xib"; sourceTree = "<absolute>"; };
		174A5761263C086800613C2A /* HistoryView.swift */ = {isa = PBXFileReference; lastKnownFileType = sourcecode.swift; path = HistoryView.swift; sourceTree = "<group>"; };
/* End PBXFileReference section */

/* Begin PBXFrameworksBuildPhase section */
		174A5716263BD32500613C2A /* Frameworks */ = {
			isa = PBXFrameworksBuildPhase;
			buildActionMask = 2147483647;
			files = (
			);
			runOnlyForDeploymentPostprocessing = 0;
		};
		174A572C263BD32700613C2A /* Frameworks */ = {
			isa = PBXFrameworksBuildPhase;
			buildActionMask = 2147483647;
			files = (
			);
			runOnlyForDeploymentPostprocessing = 0;
		};
		174A5737263BD32700613C2A /* Frameworks */ = {
			isa = PBXFrameworksBuildPhase;
			buildActionMask = 2147483647;
			files = (
			);
			runOnlyForDeploymentPostprocessing = 0;
		};
/* End PBXFrameworksBuildPhase section */

/* Begin PBXGroup section */
		174A5710263BD32500613C2A = {
			isa = PBXGroup;
			children = (
				174A571B263BD32500613C2A /* lifecounter2 */,
				174A5732263BD32700613C2A /* lifecounter2Tests */,
				174A573D263BD32700613C2A /* lifecounter2UITests */,
				174A571A263BD32500613C2A /* Products */,
			);
			sourceTree = "<group>";
		};
		174A571A263BD32500613C2A /* Products */ = {
			isa = PBXGroup;
			children = (
				174A5719263BD32500613C2A /* lifecounter2.app */,
				174A572F263BD32700613C2A /* lifecounter2Tests.xctest */,
				174A573A263BD32700613C2A /* lifecounter2UITests.xctest */,
			);
			name = Products;
			sourceTree = "<group>";
		};
		174A571B263BD32500613C2A /* lifecounter2 */ = {
			isa = PBXGroup;
			children = (
				174A571C263BD32500613C2A /* AppDelegate.swift */,
				174A571E263BD32500613C2A /* SceneDelegate.swift */,
				174A5720263BD32500613C2A /* ViewController.swift */,
				174A574F263BDA6E00613C2A /* userView.swift */,
				174A5761263C086800613C2A /* HistoryView.swift */,
				174A575C263BE06B00613C2A /* user.xib */,
				174A5722263BD32500613C2A /* Main.storyboard */,
				174A5725263BD32700613C2A /* Assets.xcassets */,
				174A5727263BD32700613C2A /* LaunchScreen.storyboard */,
				174A572A263BD32700613C2A /* Info.plist */,
			);
			path = lifecounter2;
			sourceTree = "<group>";
		};
		174A5732263BD32700613C2A /* lifecounter2Tests */ = {
			isa = PBXGroup;
			children = (
				174A5733263BD32700613C2A /* lifecounter2Tests.swift */,
				174A5735263BD32700613C2A /* Info.plist */,
			);
			path = lifecounter2Tests;
			sourceTree = "<group>";
		};
		174A573D263BD32700613C2A /* lifecounter2UITests */ = {
			isa = PBXGroup;
			children = (
				174A573E263BD32700613C2A /* lifecounter2UITests.swift */,
				174A5740263BD32700613C2A /* Info.plist */,
			);
			path = lifecounter2UITests;
			sourceTree = "<group>";
		};
/* End PBXGroup section */

/* Begin PBXNativeTarget section */
		174A5718263BD32500613C2A /* lifecounter2 */ = {
			isa = PBXNativeTarget;
			buildConfigurationList = 174A5743263BD32700613C2A /* Build configuration list for PBXNativeTarget "lifecounter2" */;
			buildPhases = (
				174A5715263BD32500613C2A /* Sources */,
				174A5716263BD32500613C2A /* Frameworks */,
				174A5717263BD32500613C2A /* Resources */,
			);
			buildRules = (
			);
			dependencies = (
			);
			name = lifecounter2;
			productName = lifecounter2;
			productReference = 174A5719263BD32500613C2A /* lifecounter2.app */;
			productType = "com.apple.product-type.application";
		};
		174A572E263BD32700613C2A /* lifecounter2Tests */ = {
			isa = PBXNativeTarget;
			buildConfigurationList = 174A5746263BD32700613C2A /* Build configuration list for PBXNativeTarget "lifecounter2Tests" */;
			buildPhases = (
				174A572B263BD32700613C2A /* Sources */,
				174A572C263BD32700613C2A /* Frameworks */,
				174A572D263BD32700613C2A /* Resources */,
			);
			buildRules = (
			);
			dependencies = (
				174A5731263BD32700613C2A /* PBXTargetDependency */,
			);
			name = lifecounter2Tests;
			productName = lifecounter2Tests;
			productReference = 174A572F263BD32700613C2A /* lifecounter2Tests.xctest */;
			productType = "com.apple.product-type.bundle.unit-test";
		};
		174A5739263BD32700613C2A /* lifecounter2UITests */ = {
			isa = PBXNativeTarget;
			buildConfigurationList = 174A5749263BD32700613C2A /* Build configuration list for PBXNativeTarget "lifecounter2UITests" */;
			buildPhases = (
				174A5736263BD32700613C2A /* Sources */,
				174A5737263BD32700613C2A /* Frameworks */,
				174A5738263BD32700613C2A /* Resources */,
			);
			buildRules = (
			);
			dependencies = (
				174A573C263BD32700613C2A /* PBXTargetDependency */,
			);
			name = lifecounter2UITests;
			productName = lifecounter2UITests;
			productReference = 174A573A263BD32700613C2A /* lifecounter2UITests.xctest */;
			productType = "com.apple.product-type.bundle.ui-testing";
		};
/* End PBXNativeTarget section */

/* Begin PBXProject section */
		174A5711263BD32500613C2A /* Project object */ = {
			isa = PBXProject;
			attributes = {
				LastSwiftUpdateCheck = 1240;
				LastUpgradeCheck = 1240;
				TargetAttributes = {
					174A5718263BD32500613C2A = {
						CreatedOnToolsVersion = 12.4;
					};
					174A572E263BD32700613C2A = {
						CreatedOnToolsVersion = 12.4;
						TestTargetID = 174A5718263BD32500613C2A;
					};
					174A5739263BD32700613C2A = {
						CreatedOnToolsVersion = 12.4;
						TestTargetID = 174A5718263BD32500613C2A;
					};
				};
			};
			buildConfigurationList = 174A5714263BD32500613C2A /* Build configuration list for PBXProject "lifecounter2" */;
			compatibilityVersion = "Xcode 9.3";
			developmentRegion = en;
			hasScannedForEncodings = 0;
			knownRegions = (
				en,
				Base,
			);
			mainGroup = 174A5710263BD32500613C2A;
			productRefGroup = 174A571A263BD32500613C2A /* Products */;
			projectDirPath = "";
			projectRoot = "";
			targets = (
				174A5718263BD32500613C2A /* lifecounter2 */,
				174A572E263BD32700613C2A /* lifecounter2Tests */,
				174A5739263BD32700613C2A /* lifecounter2UITests */,
			);
		};
/* End PBXProject section */

/* Begin PBXResourcesBuildPhase section */
		174A5717263BD32500613C2A /* Resources */ = {
			isa = PBXResourcesBuildPhase;
			buildActionMask = 2147483647;
			files = (
				174A575D263BE06B00613C2A /* user.xib in Resources */,
				174A5729263BD32700613C2A /* LaunchScreen.storyboard in Resources */,
				174A5726263BD32700613C2A /* Assets.xcassets in Resources */,
				174A5724263BD32500613C2A /* Main.storyboard in Resources */,
			);
			runOnlyForDeploymentPostprocessing = 0;
		};
		174A572D263BD32700613C2A /* Resources */ = {
			isa = PBXResourcesBuildPhase;
			buildActionMask = 2147483647;
			files = (
			);
			runOnlyForDeploymentPostprocessing = 0;
		};
		174A5738263BD32700613C2A /* Resources */ = {
			isa = PBXResourcesBuildPhase;
			buildActionMask = 2147483647;
			files = (
			);
			runOnlyForDeploymentPostprocessing = 0;
		};
/* End PBXResourcesBuildPhase section */

/* Begin PBXSourcesBuildPhase section */
		174A5715263BD32500613C2A /* Sources */ = {
			isa = PBXSourcesBuildPhase;
			buildActionMask = 2147483647;
			files = (
				174A5721263BD32500613C2A /* ViewController.swift in Sources */,
				174A571D263BD32500613C2A /* AppDelegate.swift in Sources */,
				174A5762263C086800613C2A /* HistoryView.swift in Sources */,
				174A571F263BD32500613C2A /* SceneDelegate.swift in Sources */,
				174A5750263BDA6E00613C2A /* userView.swift in Sources */,
			);
			runOnlyForDeploymentPostprocessing = 0;
		};
		174A572B263BD32700613C2A /* Sources */ = {
			isa = PBXSourcesBuildPhase;
			buildActionMask = 2147483647;
			files = (
				174A5734263BD32700613C2A /* lifecounter2Tests.swift in Sources */,
			);
			runOnlyForDeploymentPostprocessing = 0;
		};
		174A5736263BD32700613C2A /* Sources */ = {
			isa = PBXSourcesBuildPhase;
			buildActionMask = 2147483647;
			files = (
				174A573F263BD32700613C2A /* lifecounter2UITests.swift in Sources */,
			);
			runOnlyForDeploymentPostprocessing = 0;
		};
/* End PBXSourcesBuildPhase section */

/* Begin PBXTargetDependency section */
		174A5731263BD32700613C2A /* PBXTargetDependency */ = {
			isa = PBXTargetDependency;
			target = 174A5718263BD32500613C2A /* lifecounter2 */;
			targetProxy = 174A5730263BD32700613C2A /* PBXContainerItemProxy */;
		};
		174A573C263BD32700613C2A /* PBXTargetDependency */ = {
			isa = PBXTargetDependency;
			target = 174A5718263BD32500613C2A /* lifecounter2 */;
			targetProxy = 174A573B263BD32700613C2A /* PBXContainerItemProxy */;
		};
/* End PBXTargetDependency section */

/* Begin PBXVariantGroup section */
		174A5722263BD32500613C2A /* Main.storyboard */ = {
			isa = PBXVariantGroup;
			children = (
				174A5723263BD32500613C2A /* Base */,
			);
			name = Main.storyboard;
			sourceTree = "<group>";
		};
		174A5727263BD32700613C2A /* LaunchScreen.storyboard */ = {
			isa = PBXVariantGroup;
			children = (
				174A5728263BD32700613C2A /* Base */,
			);
			name = LaunchScreen.storyboard;
			sourceTree = "<group>";
		};
/* End PBXVariantGroup section */

/* Begin XCBuildConfiguration section */
		174A5741263BD32700613C2A /* Debug */ = {
			isa = XCBuildConfiguration;
			buildSettings = {
				ALWAYS_SEARCH_USER_PATHS = NO;
				CLANG_ANALYZER_NONNULL = YES;
				CLANG_ANALYZER_NUMBER_OBJECT_CONVERSION = YES_AGGRESSIVE;
				CLANG_CXX_LANGUAGE_STANDARD = "gnu++14";
				CLANG_CXX_LIBRARY = "libc++";
				CLANG_ENABLE_MODULES = YES;
				CLANG_ENABLE_OBJC_ARC = YES;
				CLANG_ENABLE_OBJC_WEAK = YES;
				CLANG_WARN_BLOCK_CAPTURE_AUTORELEASING = YES;
				CLANG_WARN_BOOL_CONVERSION = YES;
				CLANG_WARN_COMMA = YES;
				CLANG_WARN_CONSTANT_CONVERSION = YES;
				CLANG_WARN_DEPRECATED_OBJC_IMPLEMENTATIONS = YES;
				CLANG_WARN_DIRECT_OBJC_ISA_USAGE = YES_ERROR;
				CLANG_WARN_DOCUMENTATION_COMMENTS = YES;
				CLANG_WARN_EMPTY_BODY = YES;
				CLANG_WARN_ENUM_CONVERSION = YES;
				CLANG_WARN_INFINITE_RECURSION = YES;
				CLANG_WARN_INT_CONVERSION = YES;
				CLANG_WARN_NON_LITERAL_NULL_CONVERSION = YES;
				CLANG_WARN_OBJC_IMPLICIT_RETAIN_SELF = YES;
				CLANG_WARN_OBJC_LITERAL_CONVERSION = YES;
				CLANG_WARN_OBJC_ROOT_CLASS = YES_ERROR;
				CLANG_WARN_QUOTED_INCLUDE_IN_FRAMEWORK_HEADER = YES;
				CLANG_WARN_RANGE_LOOP_ANALYSIS = YES;
				CLANG_WARN_STRICT_PROTOTYPES = YES;
				CLANG_WARN_SUSPICIOUS_MOVE = YES;
				CLANG_WARN_UNGUARDED_AVAILABILITY = YES_AGGRESSIVE;
				CLANG_WARN_UNREACHABLE_CODE = YES;
				CLANG_WARN__DUPLICATE_METHOD_MATCH = YES;
				COPY_PHASE_STRIP = NO;
				DEBUG_INFORMATION_FORMAT = dwarf;
				ENABLE_STRICT_OBJC_MSGSEND = YES;
				ENABLE_TESTABILITY = YES;
				GCC_C_LANGUAGE_STANDARD = gnu11;
				GCC_DYNAMIC_NO_PIC = NO;
				GCC_NO_COMMON_BLOCKS = YES;
				GCC_OPTIMIZATION_LEVEL = 0;
				GCC_PREPROCESSOR_DEFINITIONS = (
					"DEBUG=1",
					"$(inherited)",
				);
				GCC_WARN_64_TO_32_BIT_CONVERSION = YES;
				GCC_WARN_ABOUT_RETURN_TYPE = YES_ERROR;
				GCC_WARN_UNDECLARED_SELECTOR = YES;
				GCC_WARN_UNINITIALIZED_AUTOS = YES_AGGRESSIVE;
				GCC_WARN_UNUSED_FUNCTION = YES;
				GCC_WARN_UNUSED_VARIABLE = YES;
				IPHONEOS_DEPLOYMENT_TARGET = 14.4;
				MTL_ENABLE_DEBUG_INFO = INCLUDE_SOURCE;
				MTL_FAST_MATH = YES;
				ONLY_ACTIVE_ARCH = YES;
				SDKROOT = iphoneos;
				SWIFT_ACTIVE_COMPILATION_CONDITIONS = DEBUG;
				SWIFT_OPTIMIZATION_LEVEL = "-Onone";
			};
			name = Debug;
		};
		174A5742263BD32700613C2A /* Release */ = {
			isa = XCBuildConfiguration;
			buildSettings = {
				ALWAYS_SEARCH_USER_PATHS = NO;
				CLANG_ANALYZER_NONNULL = YES;
				CLANG_ANALYZER_NUMBER_OBJECT_CONVERSION = YES_AGGRESSIVE;
				CLANG_CXX_LANGUAGE_STANDARD = "gnu++14";
				CLANG_CXX_LIBRARY = "libc++";
				CLANG_ENABLE_MODULES = YES;
				CLANG_ENABLE_OBJC_ARC = YES;
				CLANG_ENABLE_OBJC_WEAK = YES;
				CLANG_WARN_BLOCK_CAPTURE_AUTORELEASING = YES;
				CLANG_WARN_BOOL_CONVERSION = YES;
				CLANG_WARN_COMMA = YES;
				CLANG_WARN_CONSTANT_CONVERSION = YES;
				CLANG_WARN_DEPRECATED_OBJC_IMPLEMENTATIONS = YES;
				CLANG_WARN_DIRECT_OBJC_ISA_USAGE = YES_ERROR;
				CLANG_WARN_DOCUMENTATION_COMMENTS = YES;
				CLANG_WARN_EMPTY_BODY = YES;
				CLANG_WARN_ENUM_CONVERSION = YES;
				CLANG_WARN_INFINITE_RECURSION = YES;
				CLANG_WARN_INT_CONVERSION = YES;
				CLANG_WARN_NON_LITERAL_NULL_CONVERSION = YES;
				CLANG_WARN_OBJC_IMPLICIT_RETAIN_SELF = YES;
				CLANG_WARN_OBJC_LITERAL_CONVERSION = YES;
				CLANG_WARN_OBJC_ROOT_CLASS = YES_ERROR;
				CLANG_WARN_QUOTED_INCLUDE_IN_FRAMEWORK_HEADER = YES;
				CLANG_WARN_RANGE_LOOP_ANALYSIS = YES;
				CLANG_WARN_STRICT_PROTOTYPES = YES;
				CLANG_WARN_SUSPICIOUS_MOVE = YES;
				CLANG_WARN_UNGUARDED_AVAILABILITY = YES_AGGRESSIVE;
				CLANG_WARN_UNREACHABLE_CODE = YES;
				CLANG_WARN__DUPLICATE_METHOD_MATCH = YES;
				COPY_PHASE_STRIP = NO;
				DEBUG_INFORMATION_FORMAT = "dwarf-with-dsym";
				ENABLE_NS_ASSERTIONS = NO;
				ENABLE_STRICT_OBJC_MSGSEND = YES;
				GCC_C_LANGUAGE_STANDARD = gnu11;
				GCC_NO_COMMON_BLOCKS = YES;
				GCC_WARN_64_TO_32_BIT_CONVERSION = YES;
				GCC_WARN_ABOUT_RETURN_TYPE = YES_ERROR;
				GCC_WARN_UNDECLARED_SELECTOR = YES;
				GCC_WARN_UNINITIALIZED_AUTOS = YES_AGGRESSIVE;
				GCC_WARN_UNUSED_FUNCTION = YES;
				GCC_WARN_UNUSED_VARIABLE = YES;
				IPHONEOS_DEPLOYMENT_TARGET = 14.4;
				MTL_ENABLE_DEBUG_INFO = NO;
				MTL_FAST_MATH = YES;
				SDKROOT = iphoneos;
				SWIFT_COMPILATION_MODE = wholemodule;
				SWIFT_OPTIMIZATION_LEVEL = "-O";
				VALIDATE_PRODUCT = YES;
			};
			name = Release;
		};
		174A5744263BD32700613C2A /* Debug */ = {
			isa = XCBuildConfiguration;
			buildSettings = {
				ASSETCATALOG_COMPILER_APPICON_NAME = AppIcon;
				ASSETCATALOG_COMPILER_GLOBAL_ACCENT_COLOR_NAME = AccentColor;
				CODE_SIGN_STYLE = Automatic;
				DEVELOPMENT_TEAM = 5558VWAYZ5;
				INFOPLIST_FILE = lifecounter2/Info.plist;
				LD_RUNPATH_SEARCH_PATHS = (
					"$(inherited)",
					"@executable_path/Frameworks",
				);
				PRODUCT_BUNDLE_IDENTIFIER = com.uw.edu.ydf1014.lifecounter2;
				PRODUCT_NAME = "$(TARGET_NAME)";
				SWIFT_VERSION = 5.0;
				TARGETED_DEVICE_FAMILY = "1,2";
			};
			name = Debug;
		};
		174A5745263BD32700613C2A /* Release */ = {
			isa = XCBuildConfiguration;
			buildSettings = {
				ASSETCATALOG_COMPILER_APPICON_NAME = AppIcon;
				ASSETCATALOG_COMPILER_GLOBAL_ACCENT_COLOR_NAME = AccentColor;
				CODE_SIGN_STYLE = Automatic;
				DEVELOPMENT_TEAM = 5558VWAYZ5;
				INFOPLIST_FILE = lifecounter2/Info.plist;
				LD_RUNPATH_SEARCH_PATHS = (
					"$(inherited)",
					"@executable_path/Frameworks",
				);
				PRODUCT_BUNDLE_IDENTIFIER = com.uw.edu.ydf1014.lifecounter2;
				PRODUCT_NAME = "$(TARGET_NAME)";
				SWIFT_VERSION = 5.0;
				TARGETED_DEVICE_FAMILY = "1,2";
			};
			name = Release;
		};
		174A5747263BD32700613C2A /* Debug */ = {
			isa = XCBuildConfiguration;
			buildSettings = {
				ALWAYS_EMBED_SWIFT_STANDARD_LIBRARIES = YES;
				BUNDLE_LOADER = "$(TEST_HOST)";
				CODE_SIGN_STYLE = Automatic;
				DEVELOPMENT_TEAM = 5558VWAYZ5;
				INFOPLIST_FILE = lifecounter2Tests/Info.plist;
				IPHONEOS_DEPLOYMENT_TARGET = 14.4;
				LD_RUNPATH_SEARCH_PATHS = (
					"$(inherited)",
					"@executable_path/Frameworks",
					"@loader_path/Frameworks",
				);
				PRODUCT_BUNDLE_IDENTIFIER = com.uw.edu.ydf1014.lifecounter2Tests;
				PRODUCT_NAME = "$(TARGET_NAME)";
				SWIFT_VERSION = 5.0;
				TARGETED_DEVICE_FAMILY = "1,2";
				TEST_HOST = "$(BUILT_PRODUCTS_DIR)/lifecounter2.app/lifecounter2";
			};
			name = Debug;
		};
		174A5748263BD32700613C2A /* Release */ = {
			isa = XCBuildConfiguration;
			buildSettings = {
				ALWAYS_EMBED_SWIFT_STANDARD_LIBRARIES = YES;
				BUNDLE_LOADER = "$(TEST_HOST)";
				CODE_SIGN_STYLE = Automatic;
				DEVELOPMENT_TEAM = 5558VWAYZ5;
				INFOPLIST_FILE = lifecounter2Tests/Info.plist;
				IPHONEOS_DEPLOYMENT_TARGET = 14.4;
				LD_RUNPATH_SEARCH_PATHS = (
					"$(inherited)",
					"@executable_path/Frameworks",
					"@loader_path/Frameworks",
				);
				PRODUCT_BUNDLE_IDENTIFIER = com.uw.edu.ydf1014.lifecounter2Tests;
				PRODUCT_NAME = "$(TARGET_NAME)";
				SWIFT_VERSION = 5.0;
				TARGETED_DEVICE_FAMILY = "1,2";
				TEST_HOST = "$(BUILT_PRODUCTS_DIR)/lifecounter2.app/lifecounter2";
			};
			name = Release;
		};
		174A574A263BD32700613C2A /* Debug */ = {
			isa = XCBuildConfiguration;
			buildSettings = {
				ALWAYS_EMBED_SWIFT_STANDARD_LIBRARIES = YES;
				CODE_SIGN_STYLE = Automatic;
				DEVELOPMENT_TEAM = 5558VWAYZ5;
				INFOPLIST_FILE = lifecounter2UITests/Info.plist;
				LD_RUNPATH_SEARCH_PATHS = (
					"$(inherited)",
					"@executable_path/Frameworks",
					"@loader_path/Frameworks",
				);
				PRODUCT_BUNDLE_IDENTIFIER = com.uw.edu.ydf1014.lifecounter2UITests;
				PRODUCT_NAME = "$(TARGET_NAME)";
				SWIFT_VERSION = 5.0;
				TARGETED_DEVICE_FAMILY = "1,2";
				TEST_TARGET_NAME = lifecounter2;
			};
			name = Debug;
		};
		174A574B263BD32700613C2A /* Release */ = {
			isa = XCBuildConfiguration;
			buildSettings = {
				ALWAYS_EMBED_SWIFT_STANDARD_LIBRARIES = YES;
				CODE_SIGN_STYLE = Automatic;
				DEVELOPMENT_TEAM = 5558VWAYZ5;
				INFOPLIST_FILE = lifecounter2UITests/Info.plist;
				LD_RUNPATH_SEARCH_PATHS = (
					"$(inherited)",
					"@executable_path/Frameworks",
					"@loader_path/Frameworks",
				);
				PRODUCT_BUNDLE_IDENTIFIER = com.uw.edu.ydf1014.lifecounter2UITests;
				PRODUCT_NAME = "$(TARGET_NAME)";
				SWIFT_VERSION = 5.0;
				TARGETED_DEVICE_FAMILY = "1,2";
				TEST_TARGET_NAME = lifecounter2;
			};
			name = Release;
		};
/* End XCBuildConfiguration section */

/* Begin XCConfigurationList section */
		174A5714263BD32500613C2A /* Build configuration list for PBXProject "lifecounter2" */ = {
			isa = XCConfigurationList;
			buildConfigurations = (
				174A5741263BD32700613C2A /* Debug */,
				174A5742263BD32700613C2A /* Release */,
			);
			defaultConfigurationIsVisible = 0;
			defaultConfigurationName = Release;
		};
		174A5743263BD32700613C2A /* Build configuration list for PBXNativeTarget "lifecounter2" */ = {
			isa = XCConfigurationList;
			buildConfigurations = (
				174A5744263BD32700613C2A /* Debug */,
				174A5745263BD32700613C2A /* Release */,
			);
			defaultConfigurationIsVisible = 0;
			defaultConfigurationName = Release;
		};
		174A5746263BD32700613C2A /* Build configuration list for PBXNativeTarget "lifecounter2Tests" */ = {
			isa = XCConfigurationList;
			buildConfigurations = (
				174A5747263BD32700613C2A /* Debug */,
				174A5748263BD32700613C2A /* Release */,
			);
			defaultConfigurationIsVisible = 0;
			defaultConfigurationName = Release;
		};
		174A5749263BD32700613C2A /* Build configuration list for PBXNativeTarget "lifecounter2UITests" */ = {
			isa = XCConfigurationList;
			buildConfigurations = (
				174A574A263BD32700613C2A /* Debug */,
				174A574B263BD32700613C2A /* Release */,
			);
			defaultConfigurationIsVisible = 0;
			defaultConfigurationName = Release;
		};
/* End XCConfigurationList section */
	};
	rootObject = 174A5711263BD32500613C2A /* Project object */;
}
